
Microsoft Visual Studio Solution File, Format Version 12.00
# Visual Studio Version 16
VisualStudioVersion = 16.0.29911.84
MinimumVisualStudioVersion = 10.0.40219.1
Project("{FAE04EC0-301F-11D3-BF4B-00C04F79EFBC}") = "intel8086v2", "intel8086v2\intel8086v2.csproj", "{CDBD95F7-5C93-485F-BF51-43DBD3AB76B4}"
EndProject
Global
	GlobalSection(SolutionConfigurationPlatforms) = preSolution
		Debug|Any CPU = Debug|Any CPU
		Release|Any CPU = Release|Any CPU
	EndGlobalSection
	GlobalSection(ProjectConfigurationPlatforms) = postSolution
		{CDBD95F7-5C93-485F-BF51-43DBD3AB76B4}.Debug|Any CPU.ActiveCfg = Debug|Any CPU
		{CDBD95F7-5C93-485F-BF51-43DBD3AB76B4}.Debug|Any CPU.Build.0 = Debug|Any CPU
		{CDBD95F7-5C93-485F-BF51-43DBD3AB76B4}.Release|Any CPU.ActiveCfg = Release|Any CPU
		{CDBD95F7-5C93-485F-BF51-43DBD3AB76B4}.Release|Any CPU.Build.0 = Release|Any CPU
	EndGlobalSection
	GlobalSection(SolutionProperties) = preSolution
		HideSolutionNode = FALSE
	EndGlobalSection
	GlobalSection(ExtensibilityGlobals) = postSolution
		SolutionGuid = {108E553E-9EE3-42F4-AEEE-F4C377194AB8}
	EndGlobalSection
EndGlobal
